{
    "_meta": {
        "hash": {
            "sha256": "766bb97c8b76bbe607e4431c36502e782b4b03f789cff6e5fddc3a0ad2b6c807"
        },
        "pipfile-spec": 6,
        "requires": {
            "python_version": "3.7"
        },
        "sources": [
            {
                "name": "pypi",
                "url": "https://pypi.org/simple",
                "verify_ssl": true
            }
        ]
    },
    "default": {
        "asgiref": {
            "hashes": [
                "sha256:8036f90603c54e93521e5777b2b9a39ba1bad05773fcf2d208f0299d1df58ce5",
                "sha256:9ca8b952a0a9afa61d30aa6d3d9b570bb3fd6bafcf7ec9e6bed43b936133db1c"
            ],
            "version": "==3.2.7"
        },
        "chardet": {
            "hashes": [
                "sha256:84ab92ed1c4d4f16916e05906b6b75a6c0fb5db821cc65e70cbd64a3e2a5eaae",
                "sha256:fc323ffcaeaed0e0a02bf4d117757b98aed530d9ed4531e3e15460124c106691"
            ],
            "markers": "python_version > '3.0'",
            "version": "==3.0.4"
        },
        "django": {
            "hashes": [
                "sha256:642d8eceab321ca743ae71e0f985ff8fdca59f07aab3a9fb362c617d23e33a76",
                "sha256:d4666c2edefa38c5ede0ec1655424c56dc47ceb04b6d8d62a7eac09db89545c1"
            ],
            "index": "pypi",
            "version": "==3.0.5"
        },
        "django-crispy-forms": {
            "hashes": [
                "sha256:50032184708ce351e3c9f0008ac35d659d9d5973fa2db218066f2e0a76eb41d9",
                "sha256:67e73ac863d3159500029fbbcdcb788f287a3fd357becebc1a0b51f73896dce3"
            ],
            "index": "pypi",
            "version": "==1.9.0"
        },
        "django-widget-tweaks": {
            "hashes": [
                "sha256:9f91ca4217199b7671971d3c1f323a2bec71a0c27dec6260b3c006fa541bc489",
                "sha256:f80bff4a8a59b278bb277a405a76a8b9a884e4bae7a6c70e78a39c626cd1c836"
            ],
            "index": "pypi",
            "version": "==1.4.8"
        },
        "pdfminer-six": {
            "hashes": [
                "sha256:f5ab6aae4999c1460aa569c716cde75c1585e3f4f2e3fcaf6c950696937d1741"
            ],
            "index": "pypi",
            "version": "==20200402"
        },
        "pycryptodome": {
            "hashes": [
                "sha256:07024fc364869eae8d6ac0d316e089956e6aeffe42dbdcf44fe1320d96becf7f",
                "sha256:09b6d6bcc01a4eb1a2b4deeff5aa602a108ec5aed8ac75ae554f97d1d7f0a5ad",
                "sha256:0e10f352ccbbcb5bb2dc4ecaf106564e65702a717d72ab260f9ac4c19753cfc2",
                "sha256:1f4752186298caf2e9ff5354f2e694d607ca7342aa313a62005235d46e28cf04",
                "sha256:2fbc472e0b567318fe2052281d5a8c0ae70099b446679815f655e9fbc18c3a65",
                "sha256:3ec3dc2f80f71fd0c955ce48b81bfaf8914c6f63a41a738f28885a1c4892968a",
                "sha256:426c188c83c10df71f053e04b4003b1437bae5cb37606440e498b00f160d71d0",
                "sha256:626c0a1d4d83ec6303f970a17158114f75c3ba1736f7f2983f7b40a265861bd8",
                "sha256:767ad0fb5d23efc36a4d5c2fc608ac603f3de028909bcf59abc943e0d0bc5a36",
                "sha256:7ac729d9091ed5478af2b4a4f44f5335a98febbc008af619e4569a59fe503e40",
                "sha256:83295a3fb5cf50c48631eb5b440cb5e9832d8c14d81d1d45f4497b67a9987de8",
                "sha256:8be56bde3312e022d9d1d6afa124556460ad5c844c2fc63642f6af723c098d35",
                "sha256:8f06556a8f7ea7b1e42eff39726bb0dca1c251205debae64e6eebea3cd7b438a",
                "sha256:9230fcb5d948c3fb40049bace4d33c5d254f8232c2c0bba05d2570aea3ba4520",
                "sha256:9378c309aec1f8cd8bad361ed0816a440151b97a2a3f6ffdaba1d1a1fb76873a",
                "sha256:9977086e0f93adb326379897437373871b80501e1d176fec63c7f46fb300c862",
                "sha256:9a94fca11fdc161460bd8659c15b6adef45c1b20da86402256eaf3addfaab324",
                "sha256:9c739b7795ccf2ef1fdad8d44e539a39ad300ee6786e804ea7f0c6a786eb5343",
                "sha256:b1e332587b3b195542e77681389c296e1837ca01240399d88803a075447d3557",
                "sha256:c109a26a21f21f695d369ff9b87f5d43e0d6c768d8384e10bc74142bed2e092e",
                "sha256:c818dc1f3eace93ee50c2b6b5c2becf7c418fa5dd1ba6fc0ef7db279ea21d5e4",
                "sha256:cff31f5a8977534f255f729d5d2467526f2b10563a30bbdade92223e0bf264bd",
                "sha256:d4f94368ce2d65873a87ad867eb3bf63f4ba81eb97a9ee66d38c2b71ce5a7439",
                "sha256:d61b012baa8c2b659e9890011358455c0019a4108536b811602d2f638c40802a",
                "sha256:d6e1bc5c94873bec742afe2dfadce0d20445b18e75c47afc0c115b19e5dd38dd",
                "sha256:ea83bcd9d6c03248ebd46e71ac313858e0afd5aa2fa81478c0e653242f3eb476",
                "sha256:ed5761b37615a1f222c5345bbf45272ae2cf8c7dff88a4f53a1e9f977cbb6d95",
                "sha256:f011cd0062e54658b7086a76f8cf0f4222812acc66e219e196ea2d0a8849d0ed",
                "sha256:f1add21b6d179179b3c177c33d18a2186a09cc0d3af41ff5ed3f377360b869f2",
                "sha256:f655addaaaa9974108d4808f4150652589cada96074c87115c52e575bfcd87d5"
            ],
            "version": "==3.9.7"
        },
        "pytz": {
            "hashes": [
                "sha256:1c557d7d0e871de1f5ccd5833f60fb2550652da6be2693c1e02300743d21500d",
                "sha256:b02c06db6cf09c12dd25137e563b31700d3b80fcc4ad23abb7a315f2789819be"
            ],
            "version": "==2019.3"
        },
        "sortedcontainers": {
            "hashes": [
                "sha256:974e9a32f56b17c1bac2aebd9dcf197f3eb9cd30553c5852a3187ad162e1a03a",
                "sha256:d9e96492dd51fae31e60837736b38fe42a187b5404c16606ff7ee7cd582d4c60"
            ],
            "version": "==2.1.0"
        },
        "sqlparse": {
            "hashes": [
                "sha256:022fb9c87b524d1f7862b3037e541f68597a730a8843245c349fc93e1643dc4e",
                "sha256:e162203737712307dfe78860cc56c8da8a852ab2ee33750e33aeadf38d12c548"
            ],
            "version": "==0.3.1"
        }
    },
    "develop": {}
}
